
Microsoft Visual Studio Solution File, Format Version 12.00
# Visual Studio 15
VisualStudioVersion = 15.0.27130.2010
MinimumVisualStudioVersion = 10.0.40219.1
Project("{FAE04EC0-301F-11D3-BF4B-00C04F79EFBC}") = "ChallengeDaysBetweenDates", "ChallengeDaysBetweenDates\ChallengeDaysBetweenDates.csproj", "{5D636D0D-04A8-4192-9440-1FA063D65E5F}"
EndProject
Global
	GlobalSection(SolutionConfigurationPlatforms) = preSolution
		Debug|Any CPU = Debug|Any CPU
		Release|Any CPU = Release|Any CPU
	EndGlobalSection
	GlobalSection(ProjectConfigurationPlatforms) = postSolution
		{5D636D0D-04A8-4192-9440-1FA063D65E5F}.Debug|Any CPU.ActiveCfg = Debug|Any CPU
		{5D636D0D-04A8-4192-9440-1FA063D65E5F}.Debug|Any CPU.Build.0 = Debug|Any CPU
		{5D636D0D-04A8-4192-9440-1FA063D65E5F}.Release|Any CPU.ActiveCfg = Release|Any CPU
		{5D636D0D-04A8-4192-9440-1FA063D65E5F}.Release|Any CPU.Build.0 = Release|Any CPU
	EndGlobalSection
	GlobalSection(SolutionProperties) = preSolution
		HideSolutionNode = FALSE
	EndGlobalSection
	GlobalSection(ExtensibilityGlobals) = postSolution
		SolutionGuid = {8F9368D5-A223-4A3D-A86E-26EC9C3B2533}
	EndGlobalSection
EndGlobal
